
Microsoft Visual Studio Solution File, Format Version 12.00
# Visual Studio 15
VisualStudioVersion = 15.0.27130.2010
MinimumVisualStudioVersion = 10.0.40219.1
Project("{2150E333-8FDC-42A3-9474-1A3956D46DE8}") = "src", "src", "{1652E3E1-C104-40FD-B10B-96A9BA62B819}"
EndProject
Project("{FAE04EC0-301F-11D3-BF4B-00C04F79EFBC}") = "Watson.Base.DotNetCore", "src\Watson.Base.DotNetCore\Watson.Base.DotNetCore.csproj", "{373370DB-82F4-46DC-B557-2FFFAFA9C65E}"
EndProject
Global
	GlobalSection(SolutionConfigurationPlatforms) = preSolution
		Debug|Any CPU = Debug|Any CPU
		Release|Any CPU = Release|Any CPU
	EndGlobalSection
	GlobalSection(ProjectConfigurationPlatforms) = postSolution
		{373370DB-82F4-46DC-B557-2FFFAFA9C65E}.Debug|Any CPU.ActiveCfg = Debug|Any CPU
		{373370DB-82F4-46DC-B557-2FFFAFA9C65E}.Debug|Any CPU.Build.0 = Debug|Any CPU
		{373370DB-82F4-46DC-B557-2FFFAFA9C65E}.Release|Any CPU.ActiveCfg = Release|Any CPU
		{373370DB-82F4-46DC-B557-2FFFAFA9C65E}.Release|Any CPU.Build.0 = Release|Any CPU
	EndGlobalSection
	GlobalSection(SolutionProperties) = preSolution
		HideSolutionNode = FALSE
	EndGlobalSection
	GlobalSection(NestedProjects) = preSolution
		{373370DB-82F4-46DC-B557-2FFFAFA9C65E} = {1652E3E1-C104-40FD-B10B-96A9BA62B819}
	EndGlobalSection
	GlobalSection(ExtensibilityGlobals) = postSolution
		SolutionGuid = {FA8EBDA2-9F71-416E-9FE3-8EB8399EE9E8}
	EndGlobalSection
EndGlobal
